// !$*UTF8*$!
{
	archiveVersion = 1;
	classes = {
	};
	objectVersion = 50;
	objects = {

/* Begin PBXBuildFile section */
		C8A3CECF239E437700EBCC7B /* AppDelegate.swift in Sources */ = {isa = PBXBuildFile; fileRef = C8A3CECE239E437700EBCC7B /* AppDelegate.swift */; };
		C8A3CED1239E437700EBCC7B /* SceneDelegate.swift in Sources */ = {isa = PBXBuildFile; fileRef = C8A3CED0239E437700EBCC7B /* SceneDelegate.swift */; };
		C8A3CED3239E437700EBCC7B /* ContentView.swift in Sources */ = {isa = PBXBuildFile; fileRef = C8A3CED2239E437700EBCC7B /* ContentView.swift */; };
		C8A3CED5239E437800EBCC7B /* Assets.xcassets in Resources */ = {isa = PBXBuildFile; fileRef = C8A3CED4239E437800EBCC7B /* Assets.xcassets */; };
		C8A3CED8239E437800EBCC7B /* Preview Assets.xcassets in Resources */ = {isa = PBXBuildFile; fileRef = C8A3CED7239E437800EBCC7B /* Preview Assets.xcassets */; };
		C8A3CEDB239E437800EBCC7B /* LaunchScreen.storyboard in Resources */ = {isa = PBXBuildFile; fileRef = C8A3CED9239E437800EBCC7B /* LaunchScreen.storyboard */; };
		C8A3CF03239FF81100EBCC7B /* Data.swift in Sources */ = {isa = PBXBuildFile; fileRef = C8A3CF02239FF81100EBCC7B /* Data.swift */; };
		C8A3CF0523A00F6D00EBCC7B /* ColorExtension.swift in Sources */ = {isa = PBXBuildFile; fileRef = C8A3CF0423A00F6D00EBCC7B /* ColorExtension.swift */; };
		C8B6D81A23A1A5300063A736 /* RecentsRow.swift in Sources */ = {isa = PBXBuildFile; fileRef = C8B6D81923A1A5300063A736 /* RecentsRow.swift */; };
		C8EE7A9123A10736002C789D /* NavigationViewExtension.swift in Sources */ = {isa = PBXBuildFile; fileRef = C8EE7A9023A10736002C789D /* NavigationViewExtension.swift */; };
		C8EE7A9323A130A1002C789D /* WineZStack.swift in Sources */ = {isa = PBXBuildFile; fileRef = C8EE7A9223A130A1002C789D /* WineZStack.swift */; };
/* End PBXBuildFile section */

/* Begin PBXFileReference section */
		C8A3CECB239E437700EBCC7B /* VivinoScreenSwiftUI.app */ = {isa = PBXFileReference; explicitFileType = wrapper.application; includeInIndex = 0; path = VivinoScreenSwiftUI.app; sourceTree = BUILT_PRODUCTS_DIR; };
		C8A3CECE239E437700EBCC7B /* AppDelegate.swift */ = {isa = PBXFileReference; lastKnownFileType = sourcecode.swift; path = AppDelegate.swift; sourceTree = "<group>"; };
		C8A3CED0239E437700EBCC7B /* SceneDelegate.swift */ = {isa = PBXFileReference; lastKnownFileType = sourcecode.swift; path = SceneDelegate.swift; sourceTree = "<group>"; };
		C8A3CED2239E437700EBCC7B /* ContentView.swift */ = {isa = PBXFileReference; lastKnownFileType = sourcecode.swift; path = ContentView.swift; sourceTree = "<group>"; };
		C8A3CED4239E437800EBCC7B /* Assets.xcassets */ = {isa = PBXFileReference; lastKnownFileType = folder.assetcatalog; path = Assets.xcassets; sourceTree = "<group>"; };
		C8A3CED7239E437800EBCC7B /* Preview Assets.xcassets */ = {isa = PBXFileReference; lastKnownFileType = folder.assetcatalog; path = "Preview Assets.xcassets"; sourceTree = "<group>"; };
		C8A3CEDA239E437800EBCC7B /* Base */ = {isa = PBXFileReference; lastKnownFileType = file.storyboard; name = Base; path = Base.lproj/LaunchScreen.storyboard; sourceTree = "<group>"; };
		C8A3CEDC239E437800EBCC7B /* Info.plist */ = {isa = PBXFileReference; lastKnownFileType = text.plist.xml; path = Info.plist; sourceTree = "<group>"; };
		C8A3CF02239FF81100EBCC7B /* Data.swift */ = {isa = PBXFileReference; lastKnownFileType = sourcecode.swift; path = Data.swift; sourceTree = "<group>"; };
		C8A3CF0423A00F6D00EBCC7B /* ColorExtension.swift */ = {isa = PBXFileReference; lastKnownFileType = sourcecode.swift; path = ColorExtension.swift; sourceTree = "<group>"; };
		C8B6D81923A1A5300063A736 /* RecentsRow.swift */ = {isa = PBXFileReference; lastKnownFileType = sourcecode.swift; path = RecentsRow.swift; sourceTree = "<group>"; };
		C8EE7A9023A10736002C789D /* NavigationViewExtension.swift */ = {isa = PBXFileReference; lastKnownFileType = sourcecode.swift; path = NavigationViewExtension.swift; sourceTree = "<group>"; };
		C8EE7A9223A130A1002C789D /* WineZStack.swift */ = {isa = PBXFileReference; lastKnownFileType = sourcecode.swift; path = WineZStack.swift; sourceTree = "<group>"; };
/* End PBXFileReference section */

/* Begin PBXFrameworksBuildPhase section */
		C8A3CEC8239E437700EBCC7B /* Frameworks */ = {
			isa = PBXFrameworksBuildPhase;
			buildActionMask = 2147483647;
			files = (
			);
			runOnlyForDeploymentPostprocessing = 0;
		};
/* End PBXFrameworksBuildPhase section */

/* Begin PBXGroup section */
		C8A3CEC2239E437700EBCC7B = {
			isa = PBXGroup;
			children = (
				C8A3CECD239E437700EBCC7B /* VivinoScreenSwiftUI */,
				C8A3CECC239E437700EBCC7B /* Products */,
			);
			sourceTree = "<group>";
		};
		C8A3CECC239E437700EBCC7B /* Products */ = {
			isa = PBXGroup;
			children = (
				C8A3CECB239E437700EBCC7B /* VivinoScreenSwiftUI.app */,
			);
			name = Products;
			sourceTree = "<group>";
		};
		C8A3CECD239E437700EBCC7B /* VivinoScreenSwiftUI */ = {
			isa = PBXGroup;
			children = (
				C8A3CECE239E437700EBCC7B /* AppDelegate.swift */,
				C8A3CED0239E437700EBCC7B /* SceneDelegate.swift */,
				C8A3CED2239E437700EBCC7B /* ContentView.swift */,
				C8A3CF0423A00F6D00EBCC7B /* ColorExtension.swift */,
				C8EE7A9023A10736002C789D /* NavigationViewExtension.swift */,
				C8EE7A9223A130A1002C789D /* WineZStack.swift */,
				C8A3CF02239FF81100EBCC7B /* Data.swift */,
				C8B6D81923A1A5300063A736 /* RecentsRow.swift */,
				C8A3CED4239E437800EBCC7B /* Assets.xcassets */,
				C8A3CED9239E437800EBCC7B /* LaunchScreen.storyboard */,
				C8A3CEDC239E437800EBCC7B /* Info.plist */,
				C8A3CED6239E437800EBCC7B /* Preview Content */,
			);
			path = VivinoScreenSwiftUI;
			sourceTree = "<group>";
		};
		C8A3CED6239E437800EBCC7B /* Preview Content */ = {
			isa = PBXGroup;
			children = (
				C8A3CED7239E437800EBCC7B /* Preview Assets.xcassets */,
			);
			path = "Preview Content";
			sourceTree = "<group>";
		};
/* End PBXGroup section */

/* Begin PBXNativeTarget section */
		C8A3CECA239E437700EBCC7B /* VivinoScreenSwiftUI */ = {
			isa = PBXNativeTarget;
			buildConfigurationList = C8A3CEDF239E437800EBCC7B /* Build configuration list for PBXNativeTarget "VivinoScreenSwiftUI" */;
			buildPhases = (
				C8A3CEC7239E437700EBCC7B /* Sources */,
				C8A3CEC8239E437700EBCC7B /* Frameworks */,
				C8A3CEC9239E437700EBCC7B /* Resources */,
			);
			buildRules = (
			);
			dependencies = (
			);
			name = VivinoScreenSwiftUI;
			productName = VivinoScreenSwiftUI;
			productReference = C8A3CECB239E437700EBCC7B /* VivinoScreenSwiftUI.app */;
			productType = "com.apple.product-type.application";
		};
/* End PBXNativeTarget section */

/* Begin PBXProject section */
		C8A3CEC3239E437700EBCC7B /* Project object */ = {
			isa = PBXProject;
			attributes = {
				LastSwiftUpdateCheck = 1110;
				LastUpgradeCheck = 1110;
				ORGANIZATIONNAME = "Micaela Cavallo";
				TargetAttributes = {
					C8A3CECA239E437700EBCC7B = {
						CreatedOnToolsVersion = 11.1;
					};
				};
			};
			buildConfigurationList = C8A3CEC6239E437700EBCC7B /* Build configuration list for PBXProject "VivinoScreenSwiftUI" */;
			compatibilityVersion = "Xcode 9.3";
			developmentRegion = en;
			hasScannedForEncodings = 0;
			knownRegions = (
				en,
				Base,
			);
			mainGroup = C8A3CEC2239E437700EBCC7B;
			productRefGroup = C8A3CECC239E437700EBCC7B /* Products */;
			projectDirPath = "";
			projectRoot = "";
			targets = (
				C8A3CECA239E437700EBCC7B /* VivinoScreenSwiftUI */,
			);
		};
/* End PBXProject section */

/* Begin PBXResourcesBuildPhase section */
		C8A3CEC9239E437700EBCC7B /* Resources */ = {
			isa = PBXResourcesBuildPhase;
			buildActionMask = 2147483647;
			files = (
				C8A3CEDB239E437800EBCC7B /* LaunchScreen.storyboard in Resources */,
				C8A3CED8239E437800EBCC7B /* Preview Assets.xcassets in Resources */,
				C8A3CED5239E437800EBCC7B /* Assets.xcassets in Resources */,
			);
			runOnlyForDeploymentPostprocessing = 0;
		};
/* End PBXResourcesBuildPhase section */

/* Begin PBXSourcesBuildPhase section */
		C8A3CEC7239E437700EBCC7B /* Sources */ = {
			isa = PBXSourcesBuildPhase;
			buildActionMask = 2147483647;
			files = (
				C8EE7A9123A10736002C789D /* NavigationViewExtension.swift in Sources */,
				C8A3CECF239E437700EBCC7B /* AppDelegate.swift in Sources */,
				C8A3CED1239E437700EBCC7B /* SceneDelegate.swift in Sources */,
				C8A3CED3239E437700EBCC7B /* ContentView.swift in Sources */,
				C8EE7A9323A130A1002C789D /* WineZStack.swift in Sources */,
				C8A3CF03239FF81100EBCC7B /* Data.swift in Sources */,
				C8A3CF0523A00F6D00EBCC7B /* ColorExtension.swift in Sources */,
				C8B6D81A23A1A5300063A736 /* RecentsRow.swift in Sources */,
			);
			runOnlyForDeploymentPostprocessing = 0;
		};
/* End PBXSourcesBuildPhase section */

/* Begin PBXVariantGroup section */
		C8A3CED9239E437800EBCC7B /* LaunchScreen.storyboard */ = {
			isa = PBXVariantGroup;
			children = (
				C8A3CEDA239E437800EBCC7B /* Base */,
			);
			name = LaunchScreen.storyboard;
			sourceTree = "<group>";
		};
/* End PBXVariantGroup section */

/* Begin XCBuildConfiguration section */
		C8A3CEDD239E437800EBCC7B /* Debug */ = {
			isa = XCBuildConfiguration;
			buildSettings = {
				ALWAYS_SEARCH_USER_PATHS = NO;
				CLANG_ANALYZER_NONNULL = YES;
				CLANG_ANALYZER_NUMBER_OBJECT_CONVERSION = YES_AGGRESSIVE;
				CLANG_CXX_LANGUAGE_STANDARD = "gnu++14";
				CLANG_CXX_LIBRARY = "libc++";
				CLANG_ENABLE_MODULES = YES;
				CLANG_ENABLE_OBJC_ARC = YES;
				CLANG_ENABLE_OBJC_WEAK = YES;
				CLANG_WARN_BLOCK_CAPTURE_AUTORELEASING = YES;
				CLANG_WARN_BOOL_CONVERSION = YES;
				CLANG_WARN_COMMA = YES;
				CLANG_WARN_CONSTANT_CONVERSION = YES;
				CLANG_WARN_DEPRECATED_OBJC_IMPLEMENTATIONS = YES;
				CLANG_WARN_DIRECT_OBJC_ISA_USAGE = YES_ERROR;
				CLANG_WARN_DOCUMENTATION_COMMENTS = YES;
				CLANG_WARN_EMPTY_BODY = YES;
				CLANG_WARN_ENUM_CONVERSION = YES;
				CLANG_WARN_INFINITE_RECURSION = YES;
				CLANG_WARN_INT_CONVERSION = YES;
				CLANG_WARN_NON_LITERAL_NULL_CONVERSION = YES;
				CLANG_WARN_OBJC_IMPLICIT_RETAIN_SELF = YES;
				CLANG_WARN_OBJC_LITERAL_CONVERSION = YES;
				CLANG_WARN_OBJC_ROOT_CLASS = YES_ERROR;
				CLANG_WARN_RANGE_LOOP_ANALYSIS = YES;
				CLANG_WARN_STRICT_PROTOTYPES = YES;
				CLANG_WARN_SUSPICIOUS_MOVE = YES;
				CLANG_WARN_UNGUARDED_AVAILABILITY = YES_AGGRESSIVE;
				CLANG_WARN_UNREACHABLE_CODE = YES;
				CLANG_WARN__DUPLICATE_METHOD_MATCH = YES;
				COPY_PHASE_STRIP = NO;
				DEBUG_INFORMATION_FORMAT = dwarf;
				ENABLE_STRICT_OBJC_MSGSEND = YES;
				ENABLE_TESTABILITY = YES;
				GCC_C_LANGUAGE_STANDARD = gnu11;
				GCC_DYNAMIC_NO_PIC = NO;
				GCC_NO_COMMON_BLOCKS = YES;
				GCC_OPTIMIZATION_LEVEL = 0;
				GCC_PREPROCESSOR_DEFINITIONS = (
					"DEBUG=1",
					"$(inherited)",
				);
				GCC_WARN_64_TO_32_BIT_CONVERSION = YES;
				GCC_WARN_ABOUT_RETURN_TYPE = YES_ERROR;
				GCC_WARN_UNDECLARED_SELECTOR = YES;
				GCC_WARN_UNINITIALIZED_AUTOS = YES_AGGRESSIVE;
				GCC_WARN_UNUSED_FUNCTION = YES;
				GCC_WARN_UNUSED_VARIABLE = YES;
				IPHONEOS_DEPLOYMENT_TARGET = 13.1;
				MTL_ENABLE_DEBUG_INFO = INCLUDE_SOURCE;
				MTL_FAST_MATH = YES;
				ONLY_ACTIVE_ARCH = YES;
				SDKROOT = iphoneos;
				SWIFT_ACTIVE_COMPILATION_CONDITIONS = DEBUG;
				SWIFT_OPTIMIZATION_LEVEL = "-Onone";
			};
			name = Debug;
		};
		C8A3CEDE239E437800EBCC7B /* Release */ = {
			isa = XCBuildConfiguration;
			buildSettings = {
				ALWAYS_SEARCH_USER_PATHS = NO;
				CLANG_ANALYZER_NONNULL = YES;
				CLANG_ANALYZER_NUMBER_OBJECT_CONVERSION = YES_AGGRESSIVE;
				CLANG_CXX_LANGUAGE_STANDARD = "gnu++14";
				CLANG_CXX_LIBRARY = "libc++";
				CLANG_ENABLE_MODULES = YES;
				CLANG_ENABLE_OBJC_ARC = YES;
				CLANG_ENABLE_OBJC_WEAK = YES;
				CLANG_WARN_BLOCK_CAPTURE_AUTORELEASING = YES;
				CLANG_WARN_BOOL_CONVERSION = YES;
				CLANG_WARN_COMMA = YES;
				CLANG_WARN_CONSTANT_CONVERSION = YES;
				CLANG_WARN_DEPRECATED_OBJC_IMPLEMENTATIONS = YES;
				CLANG_WARN_DIRECT_OBJC_ISA_USAGE = YES_ERROR;
				CLANG_WARN_DOCUMENTATION_COMMENTS = YES;
				CLANG_WARN_EMPTY_BODY = YES;
				CLANG_WARN_ENUM_CONVERSION = YES;
				CLANG_WARN_INFINITE_RECURSION = YES;
				CLANG_WARN_INT_CONVERSION = YES;
				CLANG_WARN_NON_LITERAL_NULL_CONVERSION = YES;
				CLANG_WARN_OBJC_IMPLICIT_RETAIN_SELF = YES;
				CLANG_WARN_OBJC_LITERAL_CONVERSION = YES;
				CLANG_WARN_OBJC_ROOT_CLASS = YES_ERROR;
				CLANG_WARN_RANGE_LOOP_ANALYSIS = YES;
				CLANG_WARN_STRICT_PROTOTYPES = YES;
				CLANG_WARN_SUSPICIOUS_MOVE = YES;
				CLANG_WARN_UNGUARDED_AVAILABILITY = YES_AGGRESSIVE;
				CLANG_WARN_UNREACHABLE_CODE = YES;
				CLANG_WARN__DUPLICATE_METHOD_MATCH = YES;
				COPY_PHASE_STRIP = NO;
				DEBUG_INFORMATION_FORMAT = "dwarf-with-dsym";
				ENABLE_NS_ASSERTIONS = NO;
				ENABLE_STRICT_OBJC_MSGSEND = YES;
				GCC_C_LANGUAGE_STANDARD = gnu11;
				GCC_NO_COMMON_BLOCKS = YES;
				GCC_WARN_64_TO_32_BIT_CONVERSION = YES;
				GCC_WARN_ABOUT_RETURN_TYPE = YES_ERROR;
				GCC_WARN_UNDECLARED_SELECTOR = YES;
				GCC_WARN_UNINITIALIZED_AUTOS = YES_AGGRESSIVE;
				GCC_WARN_UNUSED_FUNCTION = YES;
				GCC_WARN_UNUSED_VARIABLE = YES;
				IPHONEOS_DEPLOYMENT_TARGET = 13.1;
				MTL_ENABLE_DEBUG_INFO = NO;
				MTL_FAST_MATH = YES;
				SDKROOT = iphoneos;
				SWIFT_COMPILATION_MODE = wholemodule;
				SWIFT_OPTIMIZATION_LEVEL = "-O";
				VALIDATE_PRODUCT = YES;
			};
			name = Release;
		};
		C8A3CEE0239E437800EBCC7B /* Debug */ = {
			isa = XCBuildConfiguration;
			buildSettings = {
				ASSETCATALOG_COMPILER_APPICON_NAME = AppIcon;
				CODE_SIGN_STYLE = Automatic;
				DEVELOPMENT_ASSET_PATHS = "\"VivinoScreenSwiftUI/Preview Content\"";
				DEVELOPMENT_TEAM = 64NY4V9RTQ;
				ENABLE_PREVIEWS = YES;
				INFOPLIST_FILE = VivinoScreenSwiftUI/Info.plist;
				LD_RUNPATH_SEARCH_PATHS = (
					"$(inherited)",
					"@executable_path/Frameworks",
				);
				PRODUCT_BUNDLE_IDENTIFIER = cavallom.VivinoScreenSwiftUI;
				PRODUCT_NAME = "$(TARGET_NAME)";
				SWIFT_VERSION = 5.0;
				TARGETED_DEVICE_FAMILY = "1,2";
			};
			name = Debug;
		};
		C8A3CEE1239E437800EBCC7B /* Release */ = {
			isa = XCBuildConfiguration;
			buildSettings = {
				ASSETCATALOG_COMPILER_APPICON_NAME = AppIcon;
				CODE_SIGN_STYLE = Automatic;
				DEVELOPMENT_ASSET_PATHS = "\"VivinoScreenSwiftUI/Preview Content\"";
				DEVELOPMENT_TEAM = 64NY4V9RTQ;
				ENABLE_PREVIEWS = YES;
				INFOPLIST_FILE = VivinoScreenSwiftUI/Info.plist;
				LD_RUNPATH_SEARCH_PATHS = (
					"$(inherited)",
					"@executable_path/Frameworks",
				);
				PRODUCT_BUNDLE_IDENTIFIER = cavallom.VivinoScreenSwiftUI;
				PRODUCT_NAME = "$(TARGET_NAME)";
				SWIFT_VERSION = 5.0;
				TARGETED_DEVICE_FAMILY = "1,2";
			};
			name = Release;
		};
/* End XCBuildConfiguration section */

/* Begin XCConfigurationList section */
		C8A3CEC6239E437700EBCC7B /* Build configuration list for PBXProject "VivinoScreenSwiftUI" */ = {
			isa = XCConfigurationList;
			buildConfigurations = (
				C8A3CEDD239E437800EBCC7B /* Debug */,
				C8A3CEDE239E437800EBCC7B /* Release */,
			);
			defaultConfigurationIsVisible = 0;
			defaultConfigurationName = Release;
		};
		C8A3CEDF239E437800EBCC7B /* Build configuration list for PBXNativeTarget "VivinoScreenSwiftUI" */ = {
			isa = XCConfigurationList;
			buildConfigurations = (
				C8A3CEE0239E437800EBCC7B /* Debug */,
				C8A3CEE1239E437800EBCC7B /* Release */,
			);
			defaultConfigurationIsVisible = 0;
			defaultConfigurationName = Release;
		};
/* End XCConfigurationList section */
	};
	rootObject = C8A3CEC3239E437700EBCC7B /* Project object */;
}
